
Microsoft Visual Studio Solution File, Format Version 12.00
# Visual Studio Version 16
VisualStudioVersion = 25.0.1700.5
MinimumVisualStudioVersion = 10.0.40219.1
Project("{FAE04EC0-301F-11D3-BF4B-00C04F79EFBC}") = "MethodsWithLoopsAndConditionals", "MethodsWithLoopsAndConditionals\MethodsWithLoopsAndConditionals.csproj", "{8095ECDA-EC68-4C61-99B0-1FFFC96FCF29}"
EndProject
Global
	GlobalSection(SolutionConfigurationPlatforms) = preSolution
		Debug|Any CPU = Debug|Any CPU
		Release|Any CPU = Release|Any CPU
	EndGlobalSection
	GlobalSection(ProjectConfigurationPlatforms) = postSolution
		{8095ECDA-EC68-4C61-99B0-1FFFC96FCF29}.Debug|Any CPU.ActiveCfg = Debug|Any CPU
		{8095ECDA-EC68-4C61-99B0-1FFFC96FCF29}.Debug|Any CPU.Build.0 = Debug|Any CPU
		{8095ECDA-EC68-4C61-99B0-1FFFC96FCF29}.Release|Any CPU.ActiveCfg = Release|Any CPU
		{8095ECDA-EC68-4C61-99B0-1FFFC96FCF29}.Release|Any CPU.Build.0 = Release|Any CPU
	EndGlobalSection
	GlobalSection(SolutionProperties) = preSolution
		HideSolutionNode = FALSE
	EndGlobalSection
	GlobalSection(ExtensibilityGlobals) = postSolution
		SolutionGuid = {D214CE26-F856-4CA6-8053-423B2B222A8E}
	EndGlobalSection
EndGlobal
